
Microsoft Visual Studio Solution File, Format Version 11.00
# Visual Studio 2010
Project("{FAE04EC0-301F-11D3-BF4B-00C04F79EFBC}") = "HexRequest", "HexRequest\HexRequest.csproj", "{BE0B521A-B781-4C95-BBFB-895D3D02E175}"
EndProject
Project("{FAE04EC0-301F-11D3-BF4B-00C04F79EFBC}") = "HexRequest.Tests", "HexRequest.Tests\HexRequest.Tests.csproj", "{7EA2414F-E751-44D0-878B-0B40127130F3}"
EndProject
Project("{2150E333-8FDC-42A3-9474-1A3956D46DE8}") = "Solution Items", "Solution Items", "{C9A63112-7EB4-4BC0-837C-88AB5FC9D3DB}"
	ProjectSection(SolutionItems) = preProject
		HexRequest.vsmdi = HexRequest.vsmdi
		Local.testsettings = Local.testsettings
		TraceAndTestImpact.testsettings = TraceAndTestImpact.testsettings
	EndProjectSection
EndProject
Global
	GlobalSection(SubversionScc) = preSolution
		Svn-Managed = True
		Manager = AnkhSVN - Subversion Support for Visual Studio
	EndGlobalSection
	GlobalSection(TestCaseManagementSettings) = postSolution
		CategoryFile = HexRequest.vsmdi
	EndGlobalSection
	GlobalSection(SolutionConfigurationPlatforms) = preSolution
		Debug|Any CPU = Debug|Any CPU
		Debug|Mixed Platforms = Debug|Mixed Platforms
		Debug|x86 = Debug|x86
		Release|Any CPU = Release|Any CPU
		Release|Mixed Platforms = Release|Mixed Platforms
		Release|x86 = Release|x86
	EndGlobalSection
	GlobalSection(ProjectConfigurationPlatforms) = postSolution
		{BE0B521A-B781-4C95-BBFB-895D3D02E175}.Debug|Any CPU.ActiveCfg = Debug|x86
		{BE0B521A-B781-4C95-BBFB-895D3D02E175}.Debug|Mixed Platforms.ActiveCfg = Debug|x86
		{BE0B521A-B781-4C95-BBFB-895D3D02E175}.Debug|Mixed Platforms.Build.0 = Debug|x86
		{BE0B521A-B781-4C95-BBFB-895D3D02E175}.Debug|x86.ActiveCfg = Debug|x86
		{BE0B521A-B781-4C95-BBFB-895D3D02E175}.Debug|x86.Build.0 = Debug|x86
		{BE0B521A-B781-4C95-BBFB-895D3D02E175}.Release|Any CPU.ActiveCfg = Release|x86
		{BE0B521A-B781-4C95-BBFB-895D3D02E175}.Release|Mixed Platforms.ActiveCfg = Release|x86
		{BE0B521A-B781-4C95-BBFB-895D3D02E175}.Release|Mixed Platforms.Build.0 = Release|x86
		{BE0B521A-B781-4C95-BBFB-895D3D02E175}.Release|x86.ActiveCfg = Release|x86
		{BE0B521A-B781-4C95-BBFB-895D3D02E175}.Release|x86.Build.0 = Release|x86
		{7EA2414F-E751-44D0-878B-0B40127130F3}.Debug|Any CPU.ActiveCfg = Debug|Any CPU
		{7EA2414F-E751-44D0-878B-0B40127130F3}.Debug|Any CPU.Build.0 = Debug|Any CPU
		{7EA2414F-E751-44D0-878B-0B40127130F3}.Debug|Mixed Platforms.ActiveCfg = Debug|Any CPU
		{7EA2414F-E751-44D0-878B-0B40127130F3}.Debug|Mixed Platforms.Build.0 = Debug|Any CPU
		{7EA2414F-E751-44D0-878B-0B40127130F3}.Debug|x86.ActiveCfg = Debug|Any CPU
		{7EA2414F-E751-44D0-878B-0B40127130F3}.Release|Any CPU.ActiveCfg = Release|Any CPU
		{7EA2414F-E751-44D0-878B-0B40127130F3}.Release|Any CPU.Build.0 = Release|Any CPU
		{7EA2414F-E751-44D0-878B-0B40127130F3}.Release|Mixed Platforms.ActiveCfg = Release|Any CPU
		{7EA2414F-E751-44D0-878B-0B40127130F3}.Release|Mixed Platforms.Build.0 = Release|Any CPU
		{7EA2414F-E751-44D0-878B-0B40127130F3}.Release|x86.ActiveCfg = Release|Any CPU
	EndGlobalSection
	GlobalSection(SolutionProperties) = preSolution
		HideSolutionNode = FALSE
	EndGlobalSection
EndGlobal
